{
    "_meta": {
        "hash": {
            "sha256": "cd7fdc1814f54a5cabf7bc69245ae08cdd42a7a8c46139b2e03bc22b4eaef195"
        },
        "pipfile-spec": 6,
        "requires": {
            "python_full_version": "3.14.0",
            "python_version": "3.14"
        },
        "sources": [
            {
                "name": "pypi",
                "url": "https://pypi.org/simple",
                "verify_ssl": true
            }
        ]
    },
    "default": {
        "pip": {
            "hashes": [
                "sha256:8d0538dbbd7babbd207f261ed969c65de439f6bc9e5dbd3b3b9a77f25d95f343",
                "sha256:9655943313a94722b7774661c21049070f6bbb0a1516bf02f7c8d5d9201514cd"
            ],
            "index": "pypi",
            "markers": "python_version >= '3.9'",
            "version": "==25.3"
        }
    },
    "develop": {}
}
